# This file is automatically @generated by Cargo.
# It is not intended for manual editing.
version = 4

[[package]]
name = "arkhe-bindu"
version = "0.1.0"

[[package]]
name = "arkhe-net"
version = "0.1.0"

[[package]]
name = "arkhe-orchestrator"
version = "0.1.0"

[[package]]
name = "arkhe-os-kernel"
version = "0.1.0"

[[package]]
name = "arkhe-passport"
version = "0.1.0"

[[package]]
name = "arkhe-sh"
version = "0.1.0"

[[package]]
name = "arkhe-vfs"
version = "0.1.0"

[[package]]
name = "arklib"
version = "0.1.0"

[[package]]
name = "checkpoint"
version = "0.1.0"

[[package]]
name = "ipfs"
version = "0.1.0"

[[package]]
name = "nostr"
version = "0.1.0"

[[package]]
name = "package"
version = "0.1.0"

[[package]]
name = "pkg"
version = "0.1.0"

[[package]]
name = "pqc"
version = "0.1.0"

[[package]]
name = "tor"
version = "0.1.0"
